// !$*UTF8*$!
{
	archiveVersion = 1;
	classes = {
	};
	objectVersion = 46;
	objects = {

/* Begin PBXBuildFile section */
		8F8392511DC0F51A00370FEC /* AppDelegate.swift in Sources */ = {isa = PBXBuildFile; fileRef = 8F8392501DC0F51A00370FEC /* AppDelegate.swift */; };
		8F8392531DC0F51A00370FEC /* ViewController.swift in Sources */ = {isa = PBXBuildFile; fileRef = 8F8392521DC0F51A00370FEC /* ViewController.swift */; };
		8F8392561DC0F51A00370FEC /* Main.storyboard in Resources */ = {isa = PBXBuildFile; fileRef = 8F8392541DC0F51A00370FEC /* Main.storyboard */; };
		8F8392581DC0F51A00370FEC /* Assets.xcassets in Resources */ = {isa = PBXBuildFile; fileRef = 8F8392571DC0F51A00370FEC /* Assets.xcassets */; };
		8F83925B1DC0F51A00370FEC /* LaunchScreen.storyboard in Resources */ = {isa = PBXBuildFile; fileRef = 8F8392591DC0F51A00370FEC /* LaunchScreen.storyboard */; };
		8F8392661DC0F51A00370FEC /* DestroyTheWorldTests.swift in Sources */ = {isa = PBXBuildFile; fileRef = 8F8392651DC0F51A00370FEC /* DestroyTheWorldTests.swift */; };
		8F8392711DC0F51A00370FEC /* DestroyTheWorldUITests.swift in Sources */ = {isa = PBXBuildFile; fileRef = 8F8392701DC0F51A00370FEC /* DestroyTheWorldUITests.swift */; };
/* End PBXBuildFile section */

/* Begin PBXContainerItemProxy section */
		8F8392621DC0F51A00370FEC /* PBXContainerItemProxy */ = {
			isa = PBXContainerItemProxy;
			containerPortal = 8F8392451DC0F51A00370FEC /* Project object */;
			proxyType = 1;
			remoteGlobalIDString = 8F83924C1DC0F51A00370FEC;
			remoteInfo = DestroyTheWorld;
		};
		8F83926D1DC0F51A00370FEC /* PBXContainerItemProxy */ = {
			isa = PBXContainerItemProxy;
			containerPortal = 8F8392451DC0F51A00370FEC /* Project object */;
			proxyType = 1;
			remoteGlobalIDString = 8F83924C1DC0F51A00370FEC;
			remoteInfo = DestroyTheWorld;
		};
/* End PBXContainerItemProxy section */

/* Begin PBXFileReference section */
		8F83924D1DC0F51A00370FEC /* DestroyTheWorld.app */ = {isa = PBXFileReference; explicitFileType = wrapper.application; includeInIndex = 0; path = DestroyTheWorld.app; sourceTree = BUILT_PRODUCTS_DIR; };
		8F8392501DC0F51A00370FEC /* AppDelegate.swift */ = {isa = PBXFileReference; lastKnownFileType = sourcecode.swift; path = AppDelegate.swift; sourceTree = "<group>"; };
		8F8392521DC0F51A00370FEC /* ViewController.swift */ = {isa = PBXFileReference; lastKnownFileType = sourcecode.swift; path = ViewController.swift; sourceTree = "<group>"; };
		8F8392551DC0F51A00370FEC /* Base */ = {isa = PBXFileReference; lastKnownFileType = file.storyboard; name = Base; path = Base.lproj/Main.storyboard; sourceTree = "<group>"; };
		8F8392571DC0F51A00370FEC /* Assets.xcassets */ = {isa = PBXFileReference; lastKnownFileType = folder.assetcatalog; path = Assets.xcassets; sourceTree = "<group>"; };
		8F83925A1DC0F51A00370FEC /* Base */ = {isa = PBXFileReference; lastKnownFileType = file.storyboard; name = Base; path = Base.lproj/LaunchScreen.storyboard; sourceTree = "<group>"; };
		8F83925C1DC0F51A00370FEC /* Info.plist */ = {isa = PBXFileReference; lastKnownFileType = text.plist.xml; path = Info.plist; sourceTree = "<group>"; };
		8F8392611DC0F51A00370FEC /* DestroyTheWorldTests.xctest */ = {isa = PBXFileReference; explicitFileType = wrapper.cfbundle; includeInIndex = 0; path = DestroyTheWorldTests.xctest; sourceTree = BUILT_PRODUCTS_DIR; };
		8F8392651DC0F51A00370FEC /* DestroyTheWorldTests.swift */ = {isa = PBXFileReference; lastKnownFileType = sourcecode.swift; path = DestroyTheWorldTests.swift; sourceTree = "<group>"; };
		8F8392671DC0F51A00370FEC /* Info.plist */ = {isa = PBXFileReference; lastKnownFileType = text.plist.xml; path = Info.plist; sourceTree = "<group>"; };
		8F83926C1DC0F51A00370FEC /* DestroyTheWorldUITests.xctest */ = {isa = PBXFileReference; explicitFileType = wrapper.cfbundle; includeInIndex = 0; path = DestroyTheWorldUITests.xctest; sourceTree = BUILT_PRODUCTS_DIR; };
		8F8392701DC0F51A00370FEC /* DestroyTheWorldUITests.swift */ = {isa = PBXFileReference; lastKnownFileType = sourcecode.swift; path = DestroyTheWorldUITests.swift; sourceTree = "<group>"; };
		8F8392721DC0F51A00370FEC /* Info.plist */ = {isa = PBXFileReference; lastKnownFileType = text.plist.xml; path = Info.plist; sourceTree = "<group>"; };
/* End PBXFileReference section */

/* Begin PBXFrameworksBuildPhase section */
		8F83924A1DC0F51A00370FEC /* Frameworks */ = {
			isa = PBXFrameworksBuildPhase;
			buildActionMask = 2147483647;
			files = (
			);
			runOnlyForDeploymentPostprocessing = 0;
		};
		8F83925E1DC0F51A00370FEC /* Frameworks */ = {
			isa = PBXFrameworksBuildPhase;
			buildActionMask = 2147483647;
			files = (
			);
			runOnlyForDeploymentPostprocessing = 0;
		};
		8F8392691DC0F51A00370FEC /* Frameworks */ = {
			isa = PBXFrameworksBuildPhase;
			buildActionMask = 2147483647;
			files = (
			);
			runOnlyForDeploymentPostprocessing = 0;
		};
/* End PBXFrameworksBuildPhase section */

/* Begin PBXGroup section */
		8F8392441DC0F51A00370FEC = {
			isa = PBXGroup;
			children = (
				8F83924F1DC0F51A00370FEC /* DestroyTheWorld */,
				8F8392641DC0F51A00370FEC /* DestroyTheWorldTests */,
				8F83926F1DC0F51A00370FEC /* DestroyTheWorldUITests */,
				8F83924E1DC0F51A00370FEC /* Products */,
			);
			sourceTree = "<group>";
		};
		8F83924E1DC0F51A00370FEC /* Products */ = {
			isa = PBXGroup;
			children = (
				8F83924D1DC0F51A00370FEC /* DestroyTheWorld.app */,
				8F8392611DC0F51A00370FEC /* DestroyTheWorldTests.xctest */,
				8F83926C1DC0F51A00370FEC /* DestroyTheWorldUITests.xctest */,
			);
			name = Products;
			sourceTree = "<group>";
		};
		8F83924F1DC0F51A00370FEC /* DestroyTheWorld */ = {
			isa = PBXGroup;
			children = (
				8F8392501DC0F51A00370FEC /* AppDelegate.swift */,
				8F8392521DC0F51A00370FEC /* ViewController.swift */,
				8F8392541DC0F51A00370FEC /* Main.storyboard */,
				8F8392571DC0F51A00370FEC /* Assets.xcassets */,
				8F8392591DC0F51A00370FEC /* LaunchScreen.storyboard */,
				8F83925C1DC0F51A00370FEC /* Info.plist */,
			);
			path = DestroyTheWorld;
			sourceTree = "<group>";
		};
		8F8392641DC0F51A00370FEC /* DestroyTheWorldTests */ = {
			isa = PBXGroup;
			children = (
				8F8392651DC0F51A00370FEC /* DestroyTheWorldTests.swift */,
				8F8392671DC0F51A00370FEC /* Info.plist */,
			);
			path = DestroyTheWorldTests;
			sourceTree = "<group>";
		};
		8F83926F1DC0F51A00370FEC /* DestroyTheWorldUITests */ = {
			isa = PBXGroup;
			children = (
				8F8392701DC0F51A00370FEC /* DestroyTheWorldUITests.swift */,
				8F8392721DC0F51A00370FEC /* Info.plist */,
			);
			path = DestroyTheWorldUITests;
			sourceTree = "<group>";
		};
/* End PBXGroup section */

/* Begin PBXNativeTarget section */
		8F83924C1DC0F51A00370FEC /* DestroyTheWorld */ = {
			isa = PBXNativeTarget;
			buildConfigurationList = 8F8392751DC0F51A00370FEC /* Build configuration list for PBXNativeTarget "DestroyTheWorld" */;
			buildPhases = (
				8F8392491DC0F51A00370FEC /* Sources */,
				8F83924A1DC0F51A00370FEC /* Frameworks */,
				8F83924B1DC0F51A00370FEC /* Resources */,
			);
			buildRules = (
			);
			dependencies = (
			);
			name = DestroyTheWorld;
			productName = DestroyTheWorld;
			productReference = 8F83924D1DC0F51A00370FEC /* DestroyTheWorld.app */;
			productType = "com.apple.product-type.application";
		};
		8F8392601DC0F51A00370FEC /* DestroyTheWorldTests */ = {
			isa = PBXNativeTarget;
			buildConfigurationList = 8F8392781DC0F51A00370FEC /* Build configuration list for PBXNativeTarget "DestroyTheWorldTests" */;
			buildPhases = (
				8F83925D1DC0F51A00370FEC /* Sources */,
				8F83925E1DC0F51A00370FEC /* Frameworks */,
				8F83925F1DC0F51A00370FEC /* Resources */,
			);
			buildRules = (
			);
			dependencies = (
				8F8392631DC0F51A00370FEC /* PBXTargetDependency */,
			);
			name = DestroyTheWorldTests;
			productName = DestroyTheWorldTests;
			productReference = 8F8392611DC0F51A00370FEC /* DestroyTheWorldTests.xctest */;
			productType = "com.apple.product-type.bundle.unit-test";
		};
		8F83926B1DC0F51A00370FEC /* DestroyTheWorldUITests */ = {
			isa = PBXNativeTarget;
			buildConfigurationList = 8F83927B1DC0F51A00370FEC /* Build configuration list for PBXNativeTarget "DestroyTheWorldUITests" */;
			buildPhases = (
				8F8392681DC0F51A00370FEC /* Sources */,
				8F8392691DC0F51A00370FEC /* Frameworks */,
				8F83926A1DC0F51A00370FEC /* Resources */,
			);
			buildRules = (
			);
			dependencies = (
				8F83926E1DC0F51A00370FEC /* PBXTargetDependency */,
			);
			name = DestroyTheWorldUITests;
			productName = DestroyTheWorldUITests;
			productReference = 8F83926C1DC0F51A00370FEC /* DestroyTheWorldUITests.xctest */;
			productType = "com.apple.product-type.bundle.ui-testing";
		};
/* End PBXNativeTarget section */

/* Begin PBXProject section */
		8F8392451DC0F51A00370FEC /* Project object */ = {
			isa = PBXProject;
			attributes = {
				LastSwiftUpdateCheck = 0800;
				LastUpgradeCheck = 0800;
				ORGANIZATIONNAME = "Samrat Mazumdar";
				TargetAttributes = {
					8F83924C1DC0F51A00370FEC = {
						CreatedOnToolsVersion = 8.0;
						ProvisioningStyle = Automatic;
					};
					8F8392601DC0F51A00370FEC = {
						CreatedOnToolsVersion = 8.0;
						ProvisioningStyle = Automatic;
						TestTargetID = 8F83924C1DC0F51A00370FEC;
					};
					8F83926B1DC0F51A00370FEC = {
						CreatedOnToolsVersion = 8.0;
						ProvisioningStyle = Automatic;
						TestTargetID = 8F83924C1DC0F51A00370FEC;
					};
				};
			};
			buildConfigurationList = 8F8392481DC0F51A00370FEC /* Build configuration list for PBXProject "DestroyTheWorld" */;
			compatibilityVersion = "Xcode 3.2";
			developmentRegion = English;
			hasScannedForEncodings = 0;
			knownRegions = (
				en,
				Base,
			);
			mainGroup = 8F8392441DC0F51A00370FEC;
			productRefGroup = 8F83924E1DC0F51A00370FEC /* Products */;
			projectDirPath = "";
			projectRoot = "";
			targets = (
				8F83924C1DC0F51A00370FEC /* DestroyTheWorld */,
				8F8392601DC0F51A00370FEC /* DestroyTheWorldTests */,
				8F83926B1DC0F51A00370FEC /* DestroyTheWorldUITests */,
			);
		};
/* End PBXProject section */

/* Begin PBXResourcesBuildPhase section */
		8F83924B1DC0F51A00370FEC /* Resources */ = {
			isa = PBXResourcesBuildPhase;
			buildActionMask = 2147483647;
			files = (
				8F83925B1DC0F51A00370FEC /* LaunchScreen.storyboard in Resources */,
				8F8392581DC0F51A00370FEC /* Assets.xcassets in Resources */,
				8F8392561DC0F51A00370FEC /* Main.storyboard in Resources */,
			);
			runOnlyForDeploymentPostprocessing = 0;
		};
		8F83925F1DC0F51A00370FEC /* Resources */ = {
			isa = PBXResourcesBuildPhase;
			buildActionMask = 2147483647;
			files = (
			);
			runOnlyForDeploymentPostprocessing = 0;
		};
		8F83926A1DC0F51A00370FEC /* Resources */ = {
			isa = PBXResourcesBuildPhase;
			buildActionMask = 2147483647;
			files = (
			);
			runOnlyForDeploymentPostprocessing = 0;
		};
/* End PBXResourcesBuildPhase section */

/* Begin PBXSourcesBuildPhase section */
		8F8392491DC0F51A00370FEC /* Sources */ = {
			isa = PBXSourcesBuildPhase;
			buildActionMask = 2147483647;
			files = (
				8F8392531DC0F51A00370FEC /* ViewController.swift in Sources */,
				8F8392511DC0F51A00370FEC /* AppDelegate.swift in Sources */,
			);
			runOnlyForDeploymentPostprocessing = 0;
		};
		8F83925D1DC0F51A00370FEC /* Sources */ = {
			isa = PBXSourcesBuildPhase;
			buildActionMask = 2147483647;
			files = (
				8F8392661DC0F51A00370FEC /* DestroyTheWorldTests.swift in Sources */,
			);
			runOnlyForDeploymentPostprocessing = 0;
		};
		8F8392681DC0F51A00370FEC /* Sources */ = {
			isa = PBXSourcesBuildPhase;
			buildActionMask = 2147483647;
			files = (
				8F8392711DC0F51A00370FEC /* DestroyTheWorldUITests.swift in Sources */,
			);
			runOnlyForDeploymentPostprocessing = 0;
		};
/* End PBXSourcesBuildPhase section */

/* Begin PBXTargetDependency section */
		8F8392631DC0F51A00370FEC /* PBXTargetDependency */ = {
			isa = PBXTargetDependency;
			target = 8F83924C1DC0F51A00370FEC /* DestroyTheWorld */;
			targetProxy = 8F8392621DC0F51A00370FEC /* PBXContainerItemProxy */;
		};
		8F83926E1DC0F51A00370FEC /* PBXTargetDependency */ = {
			isa = PBXTargetDependency;
			target = 8F83924C1DC0F51A00370FEC /* DestroyTheWorld */;
			targetProxy = 8F83926D1DC0F51A00370FEC /* PBXContainerItemProxy */;
		};
/* End PBXTargetDependency section */

/* Begin PBXVariantGroup section */
		8F8392541DC0F51A00370FEC /* Main.storyboard */ = {
			isa = PBXVariantGroup;
			children = (
				8F8392551DC0F51A00370FEC /* Base */,
			);
			name = Main.storyboard;
			sourceTree = "<group>";
		};
		8F8392591DC0F51A00370FEC /* LaunchScreen.storyboard */ = {
			isa = PBXVariantGroup;
			children = (
				8F83925A1DC0F51A00370FEC /* Base */,
			);
			name = LaunchScreen.storyboard;
			sourceTree = "<group>";
		};
/* End PBXVariantGroup section */

/* Begin XCBuildConfiguration section */
		8F8392731DC0F51A00370FEC /* Debug */ = {
			isa = XCBuildConfiguration;
			buildSettings = {
				ALWAYS_SEARCH_USER_PATHS = NO;
				CLANG_ANALYZER_NONNULL = YES;
				CLANG_CXX_LANGUAGE_STANDARD = "gnu++0x";
				CLANG_CXX_LIBRARY = "libc++";
				CLANG_ENABLE_MODULES = YES;
				CLANG_ENABLE_OBJC_ARC = YES;
				CLANG_WARN_BOOL_CONVERSION = YES;
				CLANG_WARN_CONSTANT_CONVERSION = YES;
				CLANG_WARN_DIRECT_OBJC_ISA_USAGE = YES_ERROR;
				CLANG_WARN_DOCUMENTATION_COMMENTS = YES;
				CLANG_WARN_EMPTY_BODY = YES;
				CLANG_WARN_ENUM_CONVERSION = YES;
				CLANG_WARN_INFINITE_RECURSION = YES;
				CLANG_WARN_INT_CONVERSION = YES;
				CLANG_WARN_OBJC_ROOT_CLASS = YES_ERROR;
				CLANG_WARN_SUSPICIOUS_MOVES = YES;
				CLANG_WARN_UNREACHABLE_CODE = YES;
				CLANG_WARN__DUPLICATE_METHOD_MATCH = YES;
				"CODE_SIGN_IDENTITY[sdk=iphoneos*]" = "iPhone Developer";
				COPY_PHASE_STRIP = NO;
				DEBUG_INFORMATION_FORMAT = dwarf;
				ENABLE_STRICT_OBJC_MSGSEND = YES;
				ENABLE_TESTABILITY = YES;
				GCC_C_LANGUAGE_STANDARD = gnu99;
				GCC_DYNAMIC_NO_PIC = NO;
				GCC_NO_COMMON_BLOCKS = YES;
				GCC_OPTIMIZATION_LEVEL = 0;
				GCC_PREPROCESSOR_DEFINITIONS = (
					"DEBUG=1",
					"$(inherited)",
				);
				GCC_WARN_64_TO_32_BIT_CONVERSION = YES;
				GCC_WARN_ABOUT_RETURN_TYPE = YES_ERROR;
				GCC_WARN_UNDECLARED_SELECTOR = YES;
				GCC_WARN_UNINITIALIZED_AUTOS = YES_AGGRESSIVE;
				GCC_WARN_UNUSED_FUNCTION = YES;
				GCC_WARN_UNUSED_VARIABLE = YES;
				IPHONEOS_DEPLOYMENT_TARGET = 10.0;
				MTL_ENABLE_DEBUG_INFO = YES;
				ONLY_ACTIVE_ARCH = YES;
				SDKROOT = iphoneos;
				SWIFT_ACTIVE_COMPILATION_CONDITIONS = DEBUG;
				SWIFT_OPTIMIZATION_LEVEL = "-Onone";
				TARGETED_DEVICE_FAMILY = "1,2";
			};
			name = Debug;
		};
		8F8392741DC0F51A00370FEC /* Release */ = {
			isa = XCBuildConfiguration;
			buildSettings = {
				ALWAYS_SEARCH_USER_PATHS = NO;
				CLANG_ANALYZER_NONNULL = YES;
				CLANG_CXX_LANGUAGE_STANDARD = "gnu++0x";
				CLANG_CXX_LIBRARY = "libc++";
				CLANG_ENABLE_MODULES = YES;
				CLANG_ENABLE_OBJC_ARC = YES;
				CLANG_WARN_BOOL_CONVERSION = YES;
				CLANG_WARN_CONSTANT_CONVERSION = YES;
				CLANG_WARN_DIRECT_OBJC_ISA_USAGE = YES_ERROR;
				CLANG_WARN_DOCUMENTATION_COMMENTS = YES;
				CLANG_WARN_EMPTY_BODY = YES;
				CLANG_WARN_ENUM_CONVERSION = YES;
				CLANG_WARN_INFINITE_RECURSION = YES;
				CLANG_WARN_INT_CONVERSION = YES;
				CLANG_WARN_OBJC_ROOT_CLASS = YES_ERROR;
				CLANG_WARN_SUSPICIOUS_MOVES = YES;
				CLANG_WARN_UNREACHABLE_CODE = YES;
				CLANG_WARN__DUPLICATE_METHOD_MATCH = YES;
				"CODE_SIGN_IDENTITY[sdk=iphoneos*]" = "iPhone Developer";
				COPY_PHASE_STRIP = NO;
				DEBUG_INFORMATION_FORMAT = "dwarf-with-dsym";
				ENABLE_NS_ASSERTIONS = NO;
				ENABLE_STRICT_OBJC_MSGSEND = YES;
				GCC_C_LANGUAGE_STANDARD = gnu99;
				GCC_NO_COMMON_BLOCKS = YES;
				GCC_WARN_64_TO_32_BIT_CONVERSION = YES;
				GCC_WARN_ABOUT_RETURN_TYPE = YES_ERROR;
				GCC_WARN_UNDECLARED_SELECTOR = YES;
				GCC_WARN_UNINITIALIZED_AUTOS = YES_AGGRESSIVE;
				GCC_WARN_UNUSED_FUNCTION = YES;
				GCC_WARN_UNUSED_VARIABLE = YES;
				IPHONEOS_DEPLOYMENT_TARGET = 10.0;
				MTL_ENABLE_DEBUG_INFO = NO;
				SDKROOT = iphoneos;
				SWIFT_OPTIMIZATION_LEVEL = "-Owholemodule";
				TARGETED_DEVICE_FAMILY = "1,2";
				VALIDATE_PRODUCT = YES;
			};
			name = Release;
		};
		8F8392761DC0F51A00370FEC /* Debug */ = {
			isa = XCBuildConfiguration;
			buildSettings = {
				ASSETCATALOG_COMPILER_APPICON_NAME = AppIcon;
				INFOPLIST_FILE = DestroyTheWorld/Info.plist;
				LD_RUNPATH_SEARCH_PATHS = "$(inherited) @executable_path/Frameworks";
				PRODUCT_BUNDLE_IDENTIFIER = com.sam.DestroyTheWorld;
				PRODUCT_NAME = "$(TARGET_NAME)";
				SWIFT_VERSION = 3.0;
			};
			name = Debug;
		};
		8F8392771DC0F51A00370FEC /* Release */ = {
			isa = XCBuildConfiguration;
			buildSettings = {
				ASSETCATALOG_COMPILER_APPICON_NAME = AppIcon;
				INFOPLIST_FILE = DestroyTheWorld/Info.plist;
				LD_RUNPATH_SEARCH_PATHS = "$(inherited) @executable_path/Frameworks";
				PRODUCT_BUNDLE_IDENTIFIER = com.sam.DestroyTheWorld;
				PRODUCT_NAME = "$(TARGET_NAME)";
				SWIFT_VERSION = 3.0;
			};
			name = Release;
		};
		8F8392791DC0F51A00370FEC /* Debug */ = {
			isa = XCBuildConfiguration;
			buildSettings = {
				ALWAYS_EMBED_SWIFT_STANDARD_LIBRARIES = YES;
				BUNDLE_LOADER = "$(TEST_HOST)";
				INFOPLIST_FILE = DestroyTheWorldTests/Info.plist;
				LD_RUNPATH_SEARCH_PATHS = "$(inherited) @executable_path/Frameworks @loader_path/Frameworks";
				PRODUCT_BUNDLE_IDENTIFIER = com.sam.DestroyTheWorldTests;
				PRODUCT_NAME = "$(TARGET_NAME)";
				SWIFT_VERSION = 3.0;
				TEST_HOST = "$(BUILT_PRODUCTS_DIR)/DestroyTheWorld.app/DestroyTheWorld";
			};
			name = Debug;
		};
		8F83927A1DC0F51A00370FEC /* Release */ = {
			isa = XCBuildConfiguration;
			buildSettings = {
				ALWAYS_EMBED_SWIFT_STANDARD_LIBRARIES = YES;
				BUNDLE_LOADER = "$(TEST_HOST)";
				INFOPLIST_FILE = DestroyTheWorldTests/Info.plist;
				LD_RUNPATH_SEARCH_PATHS = "$(inherited) @executable_path/Frameworks @loader_path/Frameworks";
				PRODUCT_BUNDLE_IDENTIFIER = com.sam.DestroyTheWorldTests;
				PRODUCT_NAME = "$(TARGET_NAME)";
				SWIFT_VERSION = 3.0;
				TEST_HOST = "$(BUILT_PRODUCTS_DIR)/DestroyTheWorld.app/DestroyTheWorld";
			};
			name = Release;
		};
		8F83927C1DC0F51A00370FEC /* Debug */ = {
			isa = XCBuildConfiguration;
			buildSettings = {
				ALWAYS_EMBED_SWIFT_STANDARD_LIBRARIES = YES;
				INFOPLIST_FILE = DestroyTheWorldUITests/Info.plist;
				LD_RUNPATH_SEARCH_PATHS = "$(inherited) @executable_path/Frameworks @loader_path/Frameworks";
				PRODUCT_BUNDLE_IDENTIFIER = com.sam.DestroyTheWorldUITests;
				PRODUCT_NAME = "$(TARGET_NAME)";
				SWIFT_VERSION = 3.0;
				TEST_TARGET_NAME = DestroyTheWorld;
			};
			name = Debug;
		};
		8F83927D1DC0F51A00370FEC /* Release */ = {
			isa = XCBuildConfiguration;
			buildSettings = {
				ALWAYS_EMBED_SWIFT_STANDARD_LIBRARIES = YES;
				INFOPLIST_FILE = DestroyTheWorldUITests/Info.plist;
				LD_RUNPATH_SEARCH_PATHS = "$(inherited) @executable_path/Frameworks @loader_path/Frameworks";
				PRODUCT_BUNDLE_IDENTIFIER = com.sam.DestroyTheWorldUITests;
				PRODUCT_NAME = "$(TARGET_NAME)";
				SWIFT_VERSION = 3.0;
				TEST_TARGET_NAME = DestroyTheWorld;
			};
			name = Release;
		};
/* End XCBuildConfiguration section */

/* Begin XCConfigurationList section */
		8F8392481DC0F51A00370FEC /* Build configuration list for PBXProject "DestroyTheWorld" */ = {
			isa = XCConfigurationList;
			buildConfigurations = (
				8F8392731DC0F51A00370FEC /* Debug */,
				8F8392741DC0F51A00370FEC /* Release */,
			);
			defaultConfigurationIsVisible = 0;
			defaultConfigurationName = Release;
		};
		8F8392751DC0F51A00370FEC /* Build configuration list for PBXNativeTarget "DestroyTheWorld" */ = {
			isa = XCConfigurationList;
			buildConfigurations = (
				8F8392761DC0F51A00370FEC /* Debug */,
				8F8392771DC0F51A00370FEC /* Release */,
			);
			defaultConfigurationIsVisible = 0;
		};
		8F8392781DC0F51A00370FEC /* Build configuration list for PBXNativeTarget "DestroyTheWorldTests" */ = {
			isa = XCConfigurationList;
			buildConfigurations = (
				8F8392791DC0F51A00370FEC /* Debug */,
				8F83927A1DC0F51A00370FEC /* Release */,
			);
			defaultConfigurationIsVisible = 0;
		};
		8F83927B1DC0F51A00370FEC /* Build configuration list for PBXNativeTarget "DestroyTheWorldUITests" */ = {
			isa = XCConfigurationList;
			buildConfigurations = (
				8F83927C1DC0F51A00370FEC /* Debug */,
				8F83927D1DC0F51A00370FEC /* Release */,
			);
			defaultConfigurationIsVisible = 0;
		};
/* End XCConfigurationList section */
	};
	rootObject = 8F8392451DC0F51A00370FEC /* Project object */;
}
